
Microsoft Visual Studio Solution File, Format Version 12.00
# Visual Studio Version 17
VisualStudioVersion = 17.5.002.0
MinimumVisualStudioVersion = 10.0.40219.1
Project("{9A19103F-16F7-4668-BE54-9A1E7A4F7556}") = "api", "api.csproj", "{8992527F-FAFE-43AD-897A-3B2C81CC0CCF}"
EndProject
Global
	GlobalSection(SolutionConfigurationPlatforms) = preSolution
		Debug|Any CPU = Debug|Any CPU
		Release|Any CPU = Release|Any CPU
	EndGlobalSection
	GlobalSection(ProjectConfigurationPlatforms) = postSolution
		{8992527F-FAFE-43AD-897A-3B2C81CC0CCF}.Debug|Any CPU.ActiveCfg = Debug|Any CPU
		{8992527F-FAFE-43AD-897A-3B2C81CC0CCF}.Debug|Any CPU.Build.0 = Debug|Any CPU
		{8992527F-FAFE-43AD-897A-3B2C81CC0CCF}.Release|Any CPU.ActiveCfg = Release|Any CPU
		{8992527F-FAFE-43AD-897A-3B2C81CC0CCF}.Release|Any CPU.Build.0 = Release|Any CPU
	EndGlobalSection
	GlobalSection(SolutionProperties) = preSolution
		HideSolutionNode = FALSE
	EndGlobalSection
	GlobalSection(ExtensibilityGlobals) = postSolution
		SolutionGuid = {80149230-0BBC-4F70-88F5-C8EDA726B494}
	EndGlobalSection
EndGlobal
 